// !$*UTF8*$!
{
	archiveVersion = 1;
	classes = {
	};
	objectVersion = 46;
	objects = {

/* Begin PBXBuildFile section */
		F26C1BB81D7FBEE30019ED7C /* AppDelegate.swift in Sources */ = {isa = PBXBuildFile; fileRef = F26C1BB71D7FBEE30019ED7C /* AppDelegate.swift */; };
		F26C1BBA1D7FBEE30019ED7C /* ViewController.swift in Sources */ = {isa = PBXBuildFile; fileRef = F26C1BB91D7FBEE30019ED7C /* ViewController.swift */; };
		F26C1BBD1D7FBEE30019ED7C /* Main.storyboard in Resources */ = {isa = PBXBuildFile; fileRef = F26C1BBB1D7FBEE30019ED7C /* Main.storyboard */; };
		F26C1BBF1D7FBEE30019ED7C /* Assets.xcassets in Resources */ = {isa = PBXBuildFile; fileRef = F26C1BBE1D7FBEE30019ED7C /* Assets.xcassets */; };
		F26C1BC21D7FBEE30019ED7C /* LaunchScreen.storyboard in Resources */ = {isa = PBXBuildFile; fileRef = F26C1BC01D7FBEE30019ED7C /* LaunchScreen.storyboard */; };
/* End PBXBuildFile section */

/* Begin PBXFileReference section */
		F26C1BB41D7FBEE30019ED7C /* 3DTouch.app */ = {isa = PBXFileReference; explicitFileType = wrapper.application; includeInIndex = 0; path = 3DTouch.app; sourceTree = BUILT_PRODUCTS_DIR; };
		F26C1BB71D7FBEE30019ED7C /* AppDelegate.swift */ = {isa = PBXFileReference; lastKnownFileType = sourcecode.swift; path = AppDelegate.swift; sourceTree = "<group>"; };
		F26C1BB91D7FBEE30019ED7C /* ViewController.swift */ = {isa = PBXFileReference; lastKnownFileType = sourcecode.swift; path = ViewController.swift; sourceTree = "<group>"; };
		F26C1BBC1D7FBEE30019ED7C /* Base */ = {isa = PBXFileReference; lastKnownFileType = file.storyboard; name = Base; path = Base.lproj/Main.storyboard; sourceTree = "<group>"; };
		F26C1BBE1D7FBEE30019ED7C /* Assets.xcassets */ = {isa = PBXFileReference; lastKnownFileType = folder.assetcatalog; path = Assets.xcassets; sourceTree = "<group>"; };
		F26C1BC11D7FBEE30019ED7C /* Base */ = {isa = PBXFileReference; lastKnownFileType = file.storyboard; name = Base; path = Base.lproj/LaunchScreen.storyboard; sourceTree = "<group>"; };
		F26C1BC31D7FBEE30019ED7C /* Info.plist */ = {isa = PBXFileReference; lastKnownFileType = text.plist.xml; path = Info.plist; sourceTree = "<group>"; };
/* End PBXFileReference section */

/* Begin PBXFrameworksBuildPhase section */
		F26C1BB11D7FBEE30019ED7C /* Frameworks */ = {
			isa = PBXFrameworksBuildPhase;
			buildActionMask = 2147483647;
			files = (
			);
			runOnlyForDeploymentPostprocessing = 0;
		};
/* End PBXFrameworksBuildPhase section */

/* Begin PBXGroup section */
		F26C1BAB1D7FBEE30019ED7C = {
			isa = PBXGroup;
			children = (
				F26C1BB61D7FBEE30019ED7C /* 3DTouch */,
				F26C1BB51D7FBEE30019ED7C /* Products */,
			);
			sourceTree = "<group>";
		};
		F26C1BB51D7FBEE30019ED7C /* Products */ = {
			isa = PBXGroup;
			children = (
				F26C1BB41D7FBEE30019ED7C /* 3DTouch.app */,
			);
			name = Products;
			sourceTree = "<group>";
		};
		F26C1BB61D7FBEE30019ED7C /* 3DTouch */ = {
			isa = PBXGroup;
			children = (
				F26C1BB71D7FBEE30019ED7C /* AppDelegate.swift */,
				F26C1BB91D7FBEE30019ED7C /* ViewController.swift */,
				F26C1BBB1D7FBEE30019ED7C /* Main.storyboard */,
				F26C1BBE1D7FBEE30019ED7C /* Assets.xcassets */,
				F26C1BC01D7FBEE30019ED7C /* LaunchScreen.storyboard */,
				F26C1BC31D7FBEE30019ED7C /* Info.plist */,
			);
			path = 3DTouch;
			sourceTree = "<group>";
		};
/* End PBXGroup section */

/* Begin PBXNativeTarget section */
		F26C1BB31D7FBEE30019ED7C /* 3DTouch */ = {
			isa = PBXNativeTarget;
			buildConfigurationList = F26C1BC61D7FBEE30019ED7C /* Build configuration list for PBXNativeTarget "3DTouch" */;
			buildPhases = (
				F26C1BB01D7FBEE30019ED7C /* Sources */,
				F26C1BB11D7FBEE30019ED7C /* Frameworks */,
				F26C1BB21D7FBEE30019ED7C /* Resources */,
			);
			buildRules = (
			);
			dependencies = (
			);
			name = 3DTouch;
			productName = 3DTouch;
			productReference = F26C1BB41D7FBEE30019ED7C /* 3DTouch.app */;
			productType = "com.apple.product-type.application";
		};
/* End PBXNativeTarget section */

/* Begin PBXProject section */
		F26C1BAC1D7FBEE30019ED7C /* Project object */ = {
			isa = PBXProject;
			attributes = {
				LastSwiftUpdateCheck = 0730;
				LastUpgradeCheck = 0730;
				ORGANIZATIONNAME = xqzh;
				TargetAttributes = {
					F26C1BB31D7FBEE30019ED7C = {
						CreatedOnToolsVersion = 7.3.1;
					};
				};
			};
			buildConfigurationList = F26C1BAF1D7FBEE30019ED7C /* Build configuration list for PBXProject "3DTouch" */;
			compatibilityVersion = "Xcode 3.2";
			developmentRegion = English;
			hasScannedForEncodings = 0;
			knownRegions = (
				en,
				Base,
			);
			mainGroup = F26C1BAB1D7FBEE30019ED7C;
			productRefGroup = F26C1BB51D7FBEE30019ED7C /* Products */;
			projectDirPath = "";
			projectRoot = "";
			targets = (
				F26C1BB31D7FBEE30019ED7C /* 3DTouch */,
			);
		};
/* End PBXProject section */

/* Begin PBXResourcesBuildPhase section */
		F26C1BB21D7FBEE30019ED7C /* Resources */ = {
			isa = PBXResourcesBuildPhase;
			buildActionMask = 2147483647;
			files = (
				F26C1BC21D7FBEE30019ED7C /* LaunchScreen.storyboard in Resources */,
				F26C1BBF1D7FBEE30019ED7C /* Assets.xcassets in Resources */,
				F26C1BBD1D7FBEE30019ED7C /* Main.storyboard in Resources */,
			);
			runOnlyForDeploymentPostprocessing = 0;
		};
/* End PBXResourcesBuildPhase section */

/* Begin PBXSourcesBuildPhase section */
		F26C1BB01D7FBEE30019ED7C /* Sources */ = {
			isa = PBXSourcesBuildPhase;
			buildActionMask = 2147483647;
			files = (
				F26C1BBA1D7FBEE30019ED7C /* ViewController.swift in Sources */,
				F26C1BB81D7FBEE30019ED7C /* AppDelegate.swift in Sources */,
			);
			runOnlyForDeploymentPostprocessing = 0;
		};
/* End PBXSourcesBuildPhase section */

/* Begin PBXVariantGroup section */
		F26C1BBB1D7FBEE30019ED7C /* Main.storyboard */ = {
			isa = PBXVariantGroup;
			children = (
				F26C1BBC1D7FBEE30019ED7C /* Base */,
			);
			name = Main.storyboard;
			sourceTree = "<group>";
		};
		F26C1BC01D7FBEE30019ED7C /* LaunchScreen.storyboard */ = {
			isa = PBXVariantGroup;
			children = (
				F26C1BC11D7FBEE30019ED7C /* Base */,
			);
			name = LaunchScreen.storyboard;
			sourceTree = "<group>";
		};
/* End PBXVariantGroup section */

/* Begin XCBuildConfiguration section */
		F26C1BC41D7FBEE30019ED7C /* Debug */ = {
			isa = XCBuildConfiguration;
			buildSettings = {
				ALWAYS_SEARCH_USER_PATHS = NO;
				CLANG_ANALYZER_NONNULL = YES;
				CLANG_CXX_LANGUAGE_STANDARD = "gnu++0x";
				CLANG_CXX_LIBRARY = "libc++";
				CLANG_ENABLE_MODULES = YES;
				CLANG_ENABLE_OBJC_ARC = YES;
				CLANG_WARN_BOOL_CONVERSION = YES;
				CLANG_WARN_CONSTANT_CONVERSION = YES;
				CLANG_WARN_DIRECT_OBJC_ISA_USAGE = YES_ERROR;
				CLANG_WARN_EMPTY_BODY = YES;
				CLANG_WARN_ENUM_CONVERSION = YES;
				CLANG_WARN_INT_CONVERSION = YES;
				CLANG_WARN_OBJC_ROOT_CLASS = YES_ERROR;
				CLANG_WARN_UNREACHABLE_CODE = YES;
				CLANG_WARN__DUPLICATE_METHOD_MATCH = YES;
				"CODE_SIGN_IDENTITY[sdk=iphoneos*]" = "iPhone Developer";
				COPY_PHASE_STRIP = NO;
				DEBUG_INFORMATION_FORMAT = dwarf;
				ENABLE_STRICT_OBJC_MSGSEND = YES;
				ENABLE_TESTABILITY = YES;
				GCC_C_LANGUAGE_STANDARD = gnu99;
				GCC_DYNAMIC_NO_PIC = NO;
				GCC_NO_COMMON_BLOCKS = YES;
				GCC_OPTIMIZATION_LEVEL = 0;
				GCC_PREPROCESSOR_DEFINITIONS = (
					"DEBUG=1",
					"$(inherited)",
				);
				GCC_WARN_64_TO_32_BIT_CONVERSION = YES;
				GCC_WARN_ABOUT_RETURN_TYPE = YES_ERROR;
				GCC_WARN_UNDECLARED_SELECTOR = YES;
				GCC_WARN_UNINITIALIZED_AUTOS = YES_AGGRESSIVE;
				GCC_WARN_UNUSED_FUNCTION = YES;
				GCC_WARN_UNUSED_VARIABLE = YES;
				IPHONEOS_DEPLOYMENT_TARGET = 9.3;
				MTL_ENABLE_DEBUG_INFO = YES;
				ONLY_ACTIVE_ARCH = YES;
				SDKROOT = iphoneos;
				SWIFT_OPTIMIZATION_LEVEL = "-Onone";
				TARGETED_DEVICE_FAMILY = "1,2";
			};
			name = Debug;
		};
		F26C1BC51D7FBEE30019ED7C /* Release */ = {
			isa = XCBuildConfiguration;
			buildSettings = {
				ALWAYS_SEARCH_USER_PATHS = NO;
				CLANG_ANALYZER_NONNULL = YES;
				CLANG_CXX_LANGUAGE_STANDARD = "gnu++0x";
				CLANG_CXX_LIBRARY = "libc++";
				CLANG_ENABLE_MODULES = YES;
				CLANG_ENABLE_OBJC_ARC = YES;
				CLANG_WARN_BOOL_CONVERSION = YES;
				CLANG_WARN_CONSTANT_CONVERSION = YES;
				CLANG_WARN_DIRECT_OBJC_ISA_USAGE = YES_ERROR;
				CLANG_WARN_EMPTY_BODY = YES;
				CLANG_WARN_ENUM_CONVERSION = YES;
				CLANG_WARN_INT_CONVERSION = YES;
				CLANG_WARN_OBJC_ROOT_CLASS = YES_ERROR;
				CLANG_WARN_UNREACHABLE_CODE = YES;
				CLANG_WARN__DUPLICATE_METHOD_MATCH = YES;
				"CODE_SIGN_IDENTITY[sdk=iphoneos*]" = "iPhone Developer";
				COPY_PHASE_STRIP = NO;
				DEBUG_INFORMATION_FORMAT = "dwarf-with-dsym";
				ENABLE_NS_ASSERTIONS = NO;
				ENABLE_STRICT_OBJC_MSGSEND = YES;
				GCC_C_LANGUAGE_STANDARD = gnu99;
				GCC_NO_COMMON_BLOCKS = YES;
				GCC_WARN_64_TO_32_BIT_CONVERSION = YES;
				GCC_WARN_ABOUT_RETURN_TYPE = YES_ERROR;
				GCC_WARN_UNDECLARED_SELECTOR = YES;
				GCC_WARN_UNINITIALIZED_AUTOS = YES_AGGRESSIVE;
				GCC_WARN_UNUSED_FUNCTION = YES;
				GCC_WARN_UNUSED_VARIABLE = YES;
				IPHONEOS_DEPLOYMENT_TARGET = 9.3;
				MTL_ENABLE_DEBUG_INFO = NO;
				SDKROOT = iphoneos;
				TARGETED_DEVICE_FAMILY = "1,2";
				VALIDATE_PRODUCT = YES;
			};
			name = Release;
		};
		F26C1BC71D7FBEE30019ED7C /* Debug */ = {
			isa = XCBuildConfiguration;
			buildSettings = {
				ASSETCATALOG_COMPILER_APPICON_NAME = AppIcon;
				INFOPLIST_FILE = 3DTouch/Info.plist;
				LD_RUNPATH_SEARCH_PATHS = "$(inherited) @executable_path/Frameworks";
				PRODUCT_BUNDLE_IDENTIFIER = "com.zxq.-DTouch";
				PRODUCT_NAME = "$(TARGET_NAME)";
			};
			name = Debug;
		};
		F26C1BC81D7FBEE30019ED7C /* Release */ = {
			isa = XCBuildConfiguration;
			buildSettings = {
				ASSETCATALOG_COMPILER_APPICON_NAME = AppIcon;
				INFOPLIST_FILE = 3DTouch/Info.plist;
				LD_RUNPATH_SEARCH_PATHS = "$(inherited) @executable_path/Frameworks";
				PRODUCT_BUNDLE_IDENTIFIER = "com.zxq.-DTouch";
				PRODUCT_NAME = "$(TARGET_NAME)";
			};
			name = Release;
		};
/* End XCBuildConfiguration section */

/* Begin XCConfigurationList section */
		F26C1BAF1D7FBEE30019ED7C /* Build configuration list for PBXProject "3DTouch" */ = {
			isa = XCConfigurationList;
			buildConfigurations = (
				F26C1BC41D7FBEE30019ED7C /* Debug */,
				F26C1BC51D7FBEE30019ED7C /* Release */,
			);
			defaultConfigurationIsVisible = 0;
			defaultConfigurationName = Release;
		};
		F26C1BC61D7FBEE30019ED7C /* Build configuration list for PBXNativeTarget "3DTouch" */ = {
			isa = XCConfigurationList;
			buildConfigurations = (
				F26C1BC71D7FBEE30019ED7C /* Debug */,
				F26C1BC81D7FBEE30019ED7C /* Release */,
			);
			defaultConfigurationIsVisible = 0;
		};
/* End XCConfigurationList section */
	};
	rootObject = F26C1BAC1D7FBEE30019ED7C /* Project object */;
}
